
Microsoft Visual Studio Solution File, Format Version 12.00
# Visual Studio Version 17
VisualStudioVersion = 17.14.36414.22 d17.14
MinimumVisualStudioVersion = 10.0.40219.1
Project("{FAE04EC0-301F-11D3-BF4B-00C04F79EFBC}") = "TelegramMentionApp", "TelegramMentionApp.csproj", "{F62B2CED-E6BA-4C64-9B59-72D2A5F72807}"
EndProject
Global
	GlobalSection(SolutionConfigurationPlatforms) = preSolution
		Debug|Any CPU = Debug|Any CPU
		Release|Any CPU = Release|Any CPU
	EndGlobalSection
	GlobalSection(ProjectConfigurationPlatforms) = postSolution
		{F62B2CED-E6BA-4C64-9B59-72D2A5F72807}.Debug|Any CPU.ActiveCfg = Debug|Any CPU
		{F62B2CED-E6BA-4C64-9B59-72D2A5F72807}.Debug|Any CPU.Build.0 = Debug|Any CPU
		{F62B2CED-E6BA-4C64-9B59-72D2A5F72807}.Release|Any CPU.ActiveCfg = Release|Any CPU
		{F62B2CED-E6BA-4C64-9B59-72D2A5F72807}.Release|Any CPU.Build.0 = Release|Any CPU
	EndGlobalSection
	GlobalSection(SolutionProperties) = preSolution
		HideSolutionNode = FALSE
	EndGlobalSection
	GlobalSection(ExtensibilityGlobals) = postSolution
		SolutionGuid = {73F093B9-6989-4F0E-835A-01418ACB5A65}
	EndGlobalSection
EndGlobal
